// !$*UTF8*$!
{
	archiveVersion = 1;
	classes = {
	};
	objectVersion = 50;
	objects = {

/* Begin PBXBuildFile section */
		DB73E49E25906411003FDF8A /* AppDelegate.swift in Sources */ = {isa = PBXBuildFile; fileRef = DB73E49D25906411003FDF8A /* AppDelegate.swift */; };
		DB73E4A025906411003FDF8A /* SceneDelegate.swift in Sources */ = {isa = PBXBuildFile; fileRef = DB73E49F25906411003FDF8A /* SceneDelegate.swift */; };
		DB73E4A225906411003FDF8A /* ViewController.swift in Sources */ = {isa = PBXBuildFile; fileRef = DB73E4A125906411003FDF8A /* ViewController.swift */; };
		DB73E4A525906411003FDF8A /* Main.storyboard in Resources */ = {isa = PBXBuildFile; fileRef = DB73E4A325906411003FDF8A /* Main.storyboard */; };
		DB73E4A725906411003FDF8A /* Assets.xcassets in Resources */ = {isa = PBXBuildFile; fileRef = DB73E4A625906411003FDF8A /* Assets.xcassets */; };
		DB73E4AA25906411003FDF8A /* LaunchScreen.storyboard in Resources */ = {isa = PBXBuildFile; fileRef = DB73E4A825906411003FDF8A /* LaunchScreen.storyboard */; };
		DB73E4B525906412003FDF8A /* Firebase_PhoneTests.swift in Sources */ = {isa = PBXBuildFile; fileRef = DB73E4B425906412003FDF8A /* Firebase_PhoneTests.swift */; };
		DB73E4C025906412003FDF8A /* Firebase_PhoneUITests.swift in Sources */ = {isa = PBXBuildFile; fileRef = DB73E4BF25906412003FDF8A /* Firebase_PhoneUITests.swift */; };
/* End PBXBuildFile section */

/* Begin PBXContainerItemProxy section */
		DB73E4B125906412003FDF8A /* PBXContainerItemProxy */ = {
			isa = PBXContainerItemProxy;
			containerPortal = DB73E49225906411003FDF8A /* Project object */;
			proxyType = 1;
			remoteGlobalIDString = DB73E49925906411003FDF8A;
			remoteInfo = Firebase_Phone;
		};
		DB73E4BC25906412003FDF8A /* PBXContainerItemProxy */ = {
			isa = PBXContainerItemProxy;
			containerPortal = DB73E49225906411003FDF8A /* Project object */;
			proxyType = 1;
			remoteGlobalIDString = DB73E49925906411003FDF8A;
			remoteInfo = Firebase_Phone;
		};
/* End PBXContainerItemProxy section */

/* Begin PBXFileReference section */
		DB73E49A25906411003FDF8A /* Firebase_Phone.app */ = {isa = PBXFileReference; explicitFileType = wrapper.application; includeInIndex = 0; path = Firebase_Phone.app; sourceTree = BUILT_PRODUCTS_DIR; };
		DB73E49D25906411003FDF8A /* AppDelegate.swift */ = {isa = PBXFileReference; lastKnownFileType = sourcecode.swift; path = AppDelegate.swift; sourceTree = "<group>"; };
		DB73E49F25906411003FDF8A /* SceneDelegate.swift */ = {isa = PBXFileReference; lastKnownFileType = sourcecode.swift; path = SceneDelegate.swift; sourceTree = "<group>"; };
		DB73E4A125906411003FDF8A /* ViewController.swift */ = {isa = PBXFileReference; lastKnownFileType = sourcecode.swift; path = ViewController.swift; sourceTree = "<group>"; };
		DB73E4A425906411003FDF8A /* Base */ = {isa = PBXFileReference; lastKnownFileType = file.storyboard; name = Base; path = Base.lproj/Main.storyboard; sourceTree = "<group>"; };
		DB73E4A625906411003FDF8A /* Assets.xcassets */ = {isa = PBXFileReference; lastKnownFileType = folder.assetcatalog; path = Assets.xcassets; sourceTree = "<group>"; };
		DB73E4A925906411003FDF8A /* Base */ = {isa = PBXFileReference; lastKnownFileType = file.storyboard; name = Base; path = Base.lproj/LaunchScreen.storyboard; sourceTree = "<group>"; };
		DB73E4AB25906411003FDF8A /* Info.plist */ = {isa = PBXFileReference; lastKnownFileType = text.plist.xml; path = Info.plist; sourceTree = "<group>"; };
		DB73E4B025906412003FDF8A /* Firebase_PhoneTests.xctest */ = {isa = PBXFileReference; explicitFileType = wrapper.cfbundle; includeInIndex = 0; path = Firebase_PhoneTests.xctest; sourceTree = BUILT_PRODUCTS_DIR; };
		DB73E4B425906412003FDF8A /* Firebase_PhoneTests.swift */ = {isa = PBXFileReference; lastKnownFileType = sourcecode.swift; path = Firebase_PhoneTests.swift; sourceTree = "<group>"; };
		DB73E4B625906412003FDF8A /* Info.plist */ = {isa = PBXFileReference; lastKnownFileType = text.plist.xml; path = Info.plist; sourceTree = "<group>"; };
		DB73E4BB25906412003FDF8A /* Firebase_PhoneUITests.xctest */ = {isa = PBXFileReference; explicitFileType = wrapper.cfbundle; includeInIndex = 0; path = Firebase_PhoneUITests.xctest; sourceTree = BUILT_PRODUCTS_DIR; };
		DB73E4BF25906412003FDF8A /* Firebase_PhoneUITests.swift */ = {isa = PBXFileReference; lastKnownFileType = sourcecode.swift; path = Firebase_PhoneUITests.swift; sourceTree = "<group>"; };
		DB73E4C125906412003FDF8A /* Info.plist */ = {isa = PBXFileReference; lastKnownFileType = text.plist.xml; path = Info.plist; sourceTree = "<group>"; };
/* End PBXFileReference section */

/* Begin PBXFrameworksBuildPhase section */
		DB73E49725906411003FDF8A /* Frameworks */ = {
			isa = PBXFrameworksBuildPhase;
			buildActionMask = 2147483647;
			files = (
			);
			runOnlyForDeploymentPostprocessing = 0;
		};
		DB73E4AD25906412003FDF8A /* Frameworks */ = {
			isa = PBXFrameworksBuildPhase;
			buildActionMask = 2147483647;
			files = (
			);
			runOnlyForDeploymentPostprocessing = 0;
		};
		DB73E4B825906412003FDF8A /* Frameworks */ = {
			isa = PBXFrameworksBuildPhase;
			buildActionMask = 2147483647;
			files = (
			);
			runOnlyForDeploymentPostprocessing = 0;
		};
/* End PBXFrameworksBuildPhase section */

/* Begin PBXGroup section */
		DB73E49125906411003FDF8A = {
			isa = PBXGroup;
			children = (
				DB73E49C25906411003FDF8A /* Firebase_Phone */,
				DB73E4B325906412003FDF8A /* Firebase_PhoneTests */,
				DB73E4BE25906412003FDF8A /* Firebase_PhoneUITests */,
				DB73E49B25906411003FDF8A /* Products */,
			);
			sourceTree = "<group>";
		};
		DB73E49B25906411003FDF8A /* Products */ = {
			isa = PBXGroup;
			children = (
				DB73E49A25906411003FDF8A /* Firebase_Phone.app */,
				DB73E4B025906412003FDF8A /* Firebase_PhoneTests.xctest */,
				DB73E4BB25906412003FDF8A /* Firebase_PhoneUITests.xctest */,
			);
			name = Products;
			sourceTree = "<group>";
		};
		DB73E49C25906411003FDF8A /* Firebase_Phone */ = {
			isa = PBXGroup;
			children = (
				DB73E49D25906411003FDF8A /* AppDelegate.swift */,
				DB73E49F25906411003FDF8A /* SceneDelegate.swift */,
				DB73E4A125906411003FDF8A /* ViewController.swift */,
				DB73E4A325906411003FDF8A /* Main.storyboard */,
				DB73E4A625906411003FDF8A /* Assets.xcassets */,
				DB73E4A825906411003FDF8A /* LaunchScreen.storyboard */,
				DB73E4AB25906411003FDF8A /* Info.plist */,
			);
			path = Firebase_Phone;
			sourceTree = "<group>";
		};
		DB73E4B325906412003FDF8A /* Firebase_PhoneTests */ = {
			isa = PBXGroup;
			children = (
				DB73E4B425906412003FDF8A /* Firebase_PhoneTests.swift */,
				DB73E4B625906412003FDF8A /* Info.plist */,
			);
			path = Firebase_PhoneTests;
			sourceTree = "<group>";
		};
		DB73E4BE25906412003FDF8A /* Firebase_PhoneUITests */ = {
			isa = PBXGroup;
			children = (
				DB73E4BF25906412003FDF8A /* Firebase_PhoneUITests.swift */,
				DB73E4C125906412003FDF8A /* Info.plist */,
			);
			path = Firebase_PhoneUITests;
			sourceTree = "<group>";
		};
/* End PBXGroup section */

/* Begin PBXNativeTarget section */
		DB73E49925906411003FDF8A /* Firebase_Phone */ = {
			isa = PBXNativeTarget;
			buildConfigurationList = DB73E4C425906412003FDF8A /* Build configuration list for PBXNativeTarget "Firebase_Phone" */;
			buildPhases = (
				DB73E49625906411003FDF8A /* Sources */,
				DB73E49725906411003FDF8A /* Frameworks */,
				DB73E49825906411003FDF8A /* Resources */,
			);
			buildRules = (
			);
			dependencies = (
			);
			name = Firebase_Phone;
			productName = Firebase_Phone;
			productReference = DB73E49A25906411003FDF8A /* Firebase_Phone.app */;
			productType = "com.apple.product-type.application";
		};
		DB73E4AF25906412003FDF8A /* Firebase_PhoneTests */ = {
			isa = PBXNativeTarget;
			buildConfigurationList = DB73E4C725906412003FDF8A /* Build configuration list for PBXNativeTarget "Firebase_PhoneTests" */;
			buildPhases = (
				DB73E4AC25906412003FDF8A /* Sources */,
				DB73E4AD25906412003FDF8A /* Frameworks */,
				DB73E4AE25906412003FDF8A /* Resources */,
			);
			buildRules = (
			);
			dependencies = (
				DB73E4B225906412003FDF8A /* PBXTargetDependency */,
			);
			name = Firebase_PhoneTests;
			productName = Firebase_PhoneTests;
			productReference = DB73E4B025906412003FDF8A /* Firebase_PhoneTests.xctest */;
			productType = "com.apple.product-type.bundle.unit-test";
		};
		DB73E4BA25906412003FDF8A /* Firebase_PhoneUITests */ = {
			isa = PBXNativeTarget;
			buildConfigurationList = DB73E4CA25906412003FDF8A /* Build configuration list for PBXNativeTarget "Firebase_PhoneUITests" */;
			buildPhases = (
				DB73E4B725906412003FDF8A /* Sources */,
				DB73E4B825906412003FDF8A /* Frameworks */,
				DB73E4B925906412003FDF8A /* Resources */,
			);
			buildRules = (
			);
			dependencies = (
				DB73E4BD25906412003FDF8A /* PBXTargetDependency */,
			);
			name = Firebase_PhoneUITests;
			productName = Firebase_PhoneUITests;
			productReference = DB73E4BB25906412003FDF8A /* Firebase_PhoneUITests.xctest */;
			productType = "com.apple.product-type.bundle.ui-testing";
		};
/* End PBXNativeTarget section */

/* Begin PBXProject section */
		DB73E49225906411003FDF8A /* Project object */ = {
			isa = PBXProject;
			attributes = {
				LastSwiftUpdateCheck = 1220;
				LastUpgradeCheck = 1220;
				TargetAttributes = {
					DB73E49925906411003FDF8A = {
						CreatedOnToolsVersion = 12.2;
					};
					DB73E4AF25906412003FDF8A = {
						CreatedOnToolsVersion = 12.2;
						TestTargetID = DB73E49925906411003FDF8A;
					};
					DB73E4BA25906412003FDF8A = {
						CreatedOnToolsVersion = 12.2;
						TestTargetID = DB73E49925906411003FDF8A;
					};
				};
			};
			buildConfigurationList = DB73E49525906411003FDF8A /* Build configuration list for PBXProject "Firebase_Phone" */;
			compatibilityVersion = "Xcode 9.3";
			developmentRegion = en;
			hasScannedForEncodings = 0;
			knownRegions = (
				en,
				Base,
			);
			mainGroup = DB73E49125906411003FDF8A;
			productRefGroup = DB73E49B25906411003FDF8A /* Products */;
			projectDirPath = "";
			projectRoot = "";
			targets = (
				DB73E49925906411003FDF8A /* Firebase_Phone */,
				DB73E4AF25906412003FDF8A /* Firebase_PhoneTests */,
				DB73E4BA25906412003FDF8A /* Firebase_PhoneUITests */,
			);
		};
/* End PBXProject section */

/* Begin PBXResourcesBuildPhase section */
		DB73E49825906411003FDF8A /* Resources */ = {
			isa = PBXResourcesBuildPhase;
			buildActionMask = 2147483647;
			files = (
				DB73E4AA25906411003FDF8A /* LaunchScreen.storyboard in Resources */,
				DB73E4A725906411003FDF8A /* Assets.xcassets in Resources */,
				DB73E4A525906411003FDF8A /* Main.storyboard in Resources */,
			);
			runOnlyForDeploymentPostprocessing = 0;
		};
		DB73E4AE25906412003FDF8A /* Resources */ = {
			isa = PBXResourcesBuildPhase;
			buildActionMask = 2147483647;
			files = (
			);
			runOnlyForDeploymentPostprocessing = 0;
		};
		DB73E4B925906412003FDF8A /* Resources */ = {
			isa = PBXResourcesBuildPhase;
			buildActionMask = 2147483647;
			files = (
			);
			runOnlyForDeploymentPostprocessing = 0;
		};
/* End PBXResourcesBuildPhase section */

/* Begin PBXSourcesBuildPhase section */
		DB73E49625906411003FDF8A /* Sources */ = {
			isa = PBXSourcesBuildPhase;
			buildActionMask = 2147483647;
			files = (
				DB73E4A225906411003FDF8A /* ViewController.swift in Sources */,
				DB73E49E25906411003FDF8A /* AppDelegate.swift in Sources */,
				DB73E4A025906411003FDF8A /* SceneDelegate.swift in Sources */,
			);
			runOnlyForDeploymentPostprocessing = 0;
		};
		DB73E4AC25906412003FDF8A /* Sources */ = {
			isa = PBXSourcesBuildPhase;
			buildActionMask = 2147483647;
			files = (
				DB73E4B525906412003FDF8A /* Firebase_PhoneTests.swift in Sources */,
			);
			runOnlyForDeploymentPostprocessing = 0;
		};
		DB73E4B725906412003FDF8A /* Sources */ = {
			isa = PBXSourcesBuildPhase;
			buildActionMask = 2147483647;
			files = (
				DB73E4C025906412003FDF8A /* Firebase_PhoneUITests.swift in Sources */,
			);
			runOnlyForDeploymentPostprocessing = 0;
		};
/* End PBXSourcesBuildPhase section */

/* Begin PBXTargetDependency section */
		DB73E4B225906412003FDF8A /* PBXTargetDependency */ = {
			isa = PBXTargetDependency;
			target = DB73E49925906411003FDF8A /* Firebase_Phone */;
			targetProxy = DB73E4B125906412003FDF8A /* PBXContainerItemProxy */;
		};
		DB73E4BD25906412003FDF8A /* PBXTargetDependency */ = {
			isa = PBXTargetDependency;
			target = DB73E49925906411003FDF8A /* Firebase_Phone */;
			targetProxy = DB73E4BC25906412003FDF8A /* PBXContainerItemProxy */;
		};
/* End PBXTargetDependency section */

/* Begin PBXVariantGroup section */
		DB73E4A325906411003FDF8A /* Main.storyboard */ = {
			isa = PBXVariantGroup;
			children = (
				DB73E4A425906411003FDF8A /* Base */,
			);
			name = Main.storyboard;
			sourceTree = "<group>";
		};
		DB73E4A825906411003FDF8A /* LaunchScreen.storyboard */ = {
			isa = PBXVariantGroup;
			children = (
				DB73E4A925906411003FDF8A /* Base */,
			);
			name = LaunchScreen.storyboard;
			sourceTree = "<group>";
		};
/* End PBXVariantGroup section */

/* Begin XCBuildConfiguration section */
		DB73E4C225906412003FDF8A /* Debug */ = {
			isa = XCBuildConfiguration;
			buildSettings = {
				ALWAYS_SEARCH_USER_PATHS = NO;
				CLANG_ANALYZER_NONNULL = YES;
				CLANG_ANALYZER_NUMBER_OBJECT_CONVERSION = YES_AGGRESSIVE;
				CLANG_CXX_LANGUAGE_STANDARD = "gnu++14";
				CLANG_CXX_LIBRARY = "libc++";
				CLANG_ENABLE_MODULES = YES;
				CLANG_ENABLE_OBJC_ARC = YES;
				CLANG_ENABLE_OBJC_WEAK = YES;
				CLANG_WARN_BLOCK_CAPTURE_AUTORELEASING = YES;
				CLANG_WARN_BOOL_CONVERSION = YES;
				CLANG_WARN_COMMA = YES;
				CLANG_WARN_CONSTANT_CONVERSION = YES;
				CLANG_WARN_DEPRECATED_OBJC_IMPLEMENTATIONS = YES;
				CLANG_WARN_DIRECT_OBJC_ISA_USAGE = YES_ERROR;
				CLANG_WARN_DOCUMENTATION_COMMENTS = YES;
				CLANG_WARN_EMPTY_BODY = YES;
				CLANG_WARN_ENUM_CONVERSION = YES;
				CLANG_WARN_INFINITE_RECURSION = YES;
				CLANG_WARN_INT_CONVERSION = YES;
				CLANG_WARN_NON_LITERAL_NULL_CONVERSION = YES;
				CLANG_WARN_OBJC_IMPLICIT_RETAIN_SELF = YES;
				CLANG_WARN_OBJC_LITERAL_CONVERSION = YES;
				CLANG_WARN_OBJC_ROOT_CLASS = YES_ERROR;
				CLANG_WARN_QUOTED_INCLUDE_IN_FRAMEWORK_HEADER = YES;
				CLANG_WARN_RANGE_LOOP_ANALYSIS = YES;
				CLANG_WARN_STRICT_PROTOTYPES = YES;
				CLANG_WARN_SUSPICIOUS_MOVE = YES;
				CLANG_WARN_UNGUARDED_AVAILABILITY = YES_AGGRESSIVE;
				CLANG_WARN_UNREACHABLE_CODE = YES;
				CLANG_WARN__DUPLICATE_METHOD_MATCH = YES;
				COPY_PHASE_STRIP = NO;
				DEBUG_INFORMATION_FORMAT = dwarf;
				ENABLE_STRICT_OBJC_MSGSEND = YES;
				ENABLE_TESTABILITY = YES;
				GCC_C_LANGUAGE_STANDARD = gnu11;
				GCC_DYNAMIC_NO_PIC = NO;
				GCC_NO_COMMON_BLOCKS = YES;
				GCC_OPTIMIZATION_LEVEL = 0;
				GCC_PREPROCESSOR_DEFINITIONS = (
					"DEBUG=1",
					"$(inherited)",
				);
				GCC_WARN_64_TO_32_BIT_CONVERSION = YES;
				GCC_WARN_ABOUT_RETURN_TYPE = YES_ERROR;
				GCC_WARN_UNDECLARED_SELECTOR = YES;
				GCC_WARN_UNINITIALIZED_AUTOS = YES_AGGRESSIVE;
				GCC_WARN_UNUSED_FUNCTION = YES;
				GCC_WARN_UNUSED_VARIABLE = YES;
				IPHONEOS_DEPLOYMENT_TARGET = 14.2;
				MTL_ENABLE_DEBUG_INFO = INCLUDE_SOURCE;
				MTL_FAST_MATH = YES;
				ONLY_ACTIVE_ARCH = YES;
				SDKROOT = iphoneos;
				SWIFT_ACTIVE_COMPILATION_CONDITIONS = DEBUG;
				SWIFT_OPTIMIZATION_LEVEL = "-Onone";
			};
			name = Debug;
		};
		DB73E4C325906412003FDF8A /* Release */ = {
			isa = XCBuildConfiguration;
			buildSettings = {
				ALWAYS_SEARCH_USER_PATHS = NO;
				CLANG_ANALYZER_NONNULL = YES;
				CLANG_ANALYZER_NUMBER_OBJECT_CONVERSION = YES_AGGRESSIVE;
				CLANG_CXX_LANGUAGE_STANDARD = "gnu++14";
				CLANG_CXX_LIBRARY = "libc++";
				CLANG_ENABLE_MODULES = YES;
				CLANG_ENABLE_OBJC_ARC = YES;
				CLANG_ENABLE_OBJC_WEAK = YES;
				CLANG_WARN_BLOCK_CAPTURE_AUTORELEASING = YES;
				CLANG_WARN_BOOL_CONVERSION = YES;
				CLANG_WARN_COMMA = YES;
				CLANG_WARN_CONSTANT_CONVERSION = YES;
				CLANG_WARN_DEPRECATED_OBJC_IMPLEMENTATIONS = YES;
				CLANG_WARN_DIRECT_OBJC_ISA_USAGE = YES_ERROR;
				CLANG_WARN_DOCUMENTATION_COMMENTS = YES;
				CLANG_WARN_EMPTY_BODY = YES;
				CLANG_WARN_ENUM_CONVERSION = YES;
				CLANG_WARN_INFINITE_RECURSION = YES;
				CLANG_WARN_INT_CONVERSION = YES;
				CLANG_WARN_NON_LITERAL_NULL_CONVERSION = YES;
				CLANG_WARN_OBJC_IMPLICIT_RETAIN_SELF = YES;
				CLANG_WARN_OBJC_LITERAL_CONVERSION = YES;
				CLANG_WARN_OBJC_ROOT_CLASS = YES_ERROR;
				CLANG_WARN_QUOTED_INCLUDE_IN_FRAMEWORK_HEADER = YES;
				CLANG_WARN_RANGE_LOOP_ANALYSIS = YES;
				CLANG_WARN_STRICT_PROTOTYPES = YES;
				CLANG_WARN_SUSPICIOUS_MOVE = YES;
				CLANG_WARN_UNGUARDED_AVAILABILITY = YES_AGGRESSIVE;
				CLANG_WARN_UNREACHABLE_CODE = YES;
				CLANG_WARN__DUPLICATE_METHOD_MATCH = YES;
				COPY_PHASE_STRIP = NO;
				DEBUG_INFORMATION_FORMAT = "dwarf-with-dsym";
				ENABLE_NS_ASSERTIONS = NO;
				ENABLE_STRICT_OBJC_MSGSEND = YES;
				GCC_C_LANGUAGE_STANDARD = gnu11;
				GCC_NO_COMMON_BLOCKS = YES;
				GCC_WARN_64_TO_32_BIT_CONVERSION = YES;
				GCC_WARN_ABOUT_RETURN_TYPE = YES_ERROR;
				GCC_WARN_UNDECLARED_SELECTOR = YES;
				GCC_WARN_UNINITIALIZED_AUTOS = YES_AGGRESSIVE;
				GCC_WARN_UNUSED_FUNCTION = YES;
				GCC_WARN_UNUSED_VARIABLE = YES;
				IPHONEOS_DEPLOYMENT_TARGET = 14.2;
				MTL_ENABLE_DEBUG_INFO = NO;
				MTL_FAST_MATH = YES;
				SDKROOT = iphoneos;
				SWIFT_COMPILATION_MODE = wholemodule;
				SWIFT_OPTIMIZATION_LEVEL = "-O";
				VALIDATE_PRODUCT = YES;
			};
			name = Release;
		};
		DB73E4C525906412003FDF8A /* Debug */ = {
			isa = XCBuildConfiguration;
			buildSettings = {
				ASSETCATALOG_COMPILER_APPICON_NAME = AppIcon;
				ASSETCATALOG_COMPILER_GLOBAL_ACCENT_COLOR_NAME = AccentColor;
				CODE_SIGN_STYLE = Automatic;
				DEVELOPMENT_TEAM = 4NHCAR3DPU;
				INFOPLIST_FILE = Firebase_Phone/Info.plist;
				LD_RUNPATH_SEARCH_PATHS = (
					"$(inherited)",
					"@executable_path/Frameworks",
				);
				PRODUCT_BUNDLE_IDENTIFIER = "com.cooperhsieh.Firebase-Phone";
				PRODUCT_NAME = "$(TARGET_NAME)";
				SWIFT_VERSION = 5.0;
				TARGETED_DEVICE_FAMILY = "1,2";
			};
			name = Debug;
		};
		DB73E4C625906412003FDF8A /* Release */ = {
			isa = XCBuildConfiguration;
			buildSettings = {
				ASSETCATALOG_COMPILER_APPICON_NAME = AppIcon;
				ASSETCATALOG_COMPILER_GLOBAL_ACCENT_COLOR_NAME = AccentColor;
				CODE_SIGN_STYLE = Automatic;
				DEVELOPMENT_TEAM = 4NHCAR3DPU;
				INFOPLIST_FILE = Firebase_Phone/Info.plist;
				LD_RUNPATH_SEARCH_PATHS = (
					"$(inherited)",
					"@executable_path/Frameworks",
				);
				PRODUCT_BUNDLE_IDENTIFIER = "com.cooperhsieh.Firebase-Phone";
				PRODUCT_NAME = "$(TARGET_NAME)";
				SWIFT_VERSION = 5.0;
				TARGETED_DEVICE_FAMILY = "1,2";
			};
			name = Release;
		};
		DB73E4C825906412003FDF8A /* Debug */ = {
			isa = XCBuildConfiguration;
			buildSettings = {
				ALWAYS_EMBED_SWIFT_STANDARD_LIBRARIES = YES;
				BUNDLE_LOADER = "$(TEST_HOST)";
				CODE_SIGN_STYLE = Automatic;
				DEVELOPMENT_TEAM = 4NHCAR3DPU;
				INFOPLIST_FILE = Firebase_PhoneTests/Info.plist;
				IPHONEOS_DEPLOYMENT_TARGET = 14.2;
				LD_RUNPATH_SEARCH_PATHS = (
					"$(inherited)",
					"@executable_path/Frameworks",
					"@loader_path/Frameworks",
				);
				PRODUCT_BUNDLE_IDENTIFIER = "com.cooperhsieh.Firebase-PhoneTests";
				PRODUCT_NAME = "$(TARGET_NAME)";
				SWIFT_VERSION = 5.0;
				TARGETED_DEVICE_FAMILY = "1,2";
				TEST_HOST = "$(BUILT_PRODUCTS_DIR)/Firebase_Phone.app/Firebase_Phone";
			};
			name = Debug;
		};
		DB73E4C925906412003FDF8A /* Release */ = {
			isa = XCBuildConfiguration;
			buildSettings = {
				ALWAYS_EMBED_SWIFT_STANDARD_LIBRARIES = YES;
				BUNDLE_LOADER = "$(TEST_HOST)";
				CODE_SIGN_STYLE = Automatic;
				DEVELOPMENT_TEAM = 4NHCAR3DPU;
				INFOPLIST_FILE = Firebase_PhoneTests/Info.plist;
				IPHONEOS_DEPLOYMENT_TARGET = 14.2;
				LD_RUNPATH_SEARCH_PATHS = (
					"$(inherited)",
					"@executable_path/Frameworks",
					"@loader_path/Frameworks",
				);
				PRODUCT_BUNDLE_IDENTIFIER = "com.cooperhsieh.Firebase-PhoneTests";
				PRODUCT_NAME = "$(TARGET_NAME)";
				SWIFT_VERSION = 5.0;
				TARGETED_DEVICE_FAMILY = "1,2";
				TEST_HOST = "$(BUILT_PRODUCTS_DIR)/Firebase_Phone.app/Firebase_Phone";
			};
			name = Release;
		};
		DB73E4CB25906412003FDF8A /* Debug */ = {
			isa = XCBuildConfiguration;
			buildSettings = {
				ALWAYS_EMBED_SWIFT_STANDARD_LIBRARIES = YES;
				CODE_SIGN_STYLE = Automatic;
				DEVELOPMENT_TEAM = 4NHCAR3DPU;
				INFOPLIST_FILE = Firebase_PhoneUITests/Info.plist;
				LD_RUNPATH_SEARCH_PATHS = (
					"$(inherited)",
					"@executable_path/Frameworks",
					"@loader_path/Frameworks",
				);
				PRODUCT_BUNDLE_IDENTIFIER = "com.cooperhsieh.Firebase-PhoneUITests";
				PRODUCT_NAME = "$(TARGET_NAME)";
				SWIFT_VERSION = 5.0;
				TARGETED_DEVICE_FAMILY = "1,2";
				TEST_TARGET_NAME = Firebase_Phone;
			};
			name = Debug;
		};
		DB73E4CC25906412003FDF8A /* Release */ = {
			isa = XCBuildConfiguration;
			buildSettings = {
				ALWAYS_EMBED_SWIFT_STANDARD_LIBRARIES = YES;
				CODE_SIGN_STYLE = Automatic;
				DEVELOPMENT_TEAM = 4NHCAR3DPU;
				INFOPLIST_FILE = Firebase_PhoneUITests/Info.plist;
				LD_RUNPATH_SEARCH_PATHS = (
					"$(inherited)",
					"@executable_path/Frameworks",
					"@loader_path/Frameworks",
				);
				PRODUCT_BUNDLE_IDENTIFIER = "com.cooperhsieh.Firebase-PhoneUITests";
				PRODUCT_NAME = "$(TARGET_NAME)";
				SWIFT_VERSION = 5.0;
				TARGETED_DEVICE_FAMILY = "1,2";
				TEST_TARGET_NAME = Firebase_Phone;
			};
			name = Release;
		};
/* End XCBuildConfiguration section */

/* Begin XCConfigurationList section */
		DB73E49525906411003FDF8A /* Build configuration list for PBXProject "Firebase_Phone" */ = {
			isa = XCConfigurationList;
			buildConfigurations = (
				DB73E4C225906412003FDF8A /* Debug */,
				DB73E4C325906412003FDF8A /* Release */,
			);
			defaultConfigurationIsVisible = 0;
			defaultConfigurationName = Release;
		};
		DB73E4C425906412003FDF8A /* Build configuration list for PBXNativeTarget "Firebase_Phone" */ = {
			isa = XCConfigurationList;
			buildConfigurations = (
				DB73E4C525906412003FDF8A /* Debug */,
				DB73E4C625906412003FDF8A /* Release */,
			);
			defaultConfigurationIsVisible = 0;
			defaultConfigurationName = Release;
		};
		DB73E4C725906412003FDF8A /* Build configuration list for PBXNativeTarget "Firebase_PhoneTests" */ = {
			isa = XCConfigurationList;
			buildConfigurations = (
				DB73E4C825906412003FDF8A /* Debug */,
				DB73E4C925906412003FDF8A /* Release */,
			);
			defaultConfigurationIsVisible = 0;
			defaultConfigurationName = Release;
		};
		DB73E4CA25906412003FDF8A /* Build configuration list for PBXNativeTarget "Firebase_PhoneUITests" */ = {
			isa = XCConfigurationList;
			buildConfigurations = (
				DB73E4CB25906412003FDF8A /* Debug */,
				DB73E4CC25906412003FDF8A /* Release */,
			);
			defaultConfigurationIsVisible = 0;
			defaultConfigurationName = Release;
		};
/* End XCConfigurationList section */
	};
	rootObject = DB73E49225906411003FDF8A /* Project object */;
}
